github.com/YoungPioneers/blog4go v0.5.9 h1:carNY8EubwsjW+eiqmvCez7+eJr2K1vAEqBRtGFeMY8=
github.com/YoungPioneers/blog4go v0.5.9/go.mod h1:3Cek2NCUgMYHlFjMBPTUixcdB690YYKRX6eWqolGpt4=
github.com/golang/protobuf v1.5.0/go.mod h1:FsONVRAS9T7sI+LIUmWTfcYkHO4aIWwzhcaSAoJOfIk=
github.com/golang/protobuf v1.5.2 h1:ROPKBNFfQgOUMifHyP+KYbvpjbdoFNs+aK7DXlji0Tw=
github.com/golang/protobuf v1.5.2/go.mod h1:XVQd3VNwM+JqD3oG2Ue2ip4fOMUkwXdXDdiuN0vRsmY=
github.com/google/go-cmp v0.5.5 h1:Khx7svrCpmxxtHBq5j2mp/xVjsi8hQMfNLvJFAlrGgU=
github.com/google/go-cmp v0.5.5/go.mod h1:v8dTdLbMG2kIc/vJvl+f65V22dbkXbowE6jgT/gNBxE=
github.com/google/uuid v1.2.0 h1:qJYtXnJRWmpe7m/3XlyhrsLrEURqHRM2kxzoxXqyUDs=
github.com/google/uuid v1.2.0/go.mod h1:TIyPZe4MgqvfeYDBFedMoGGpEw/LqOeaOT+nhxU+yHo=
github.com/kpeu3i/gods4 v1.0.0 h1:Yv4dBxZI3Jf2wRtDmBGvUBB7GxoqBgIZBGahegi42Qs=
github.com/kpeu3i/gods4 v1.0.0/go.mod h1:Szzn0XfzbcZy19GDoOsnRGiF9c1KmBgWJ1px62tF6rE=
github.com/mervick/aes-everywhere/go/aes256 v0.0.0-20210308210058-d9642ccfaa86 h1:RPcF4+rhdgbg6fR3GApyiRdpmFIvX59XQrIR0wVpOtg=
github.com/mervick/aes-everywhere/go/aes256 v0.0.0-20210308210058-d9642ccfaa86/go.mod h1:Eb5RMoo9kOQra/2uRiUTGP+LfNuM13Vqm7y7P34+KKo=
github.com/pkg/errors v0.8.0 h1:WdK/asTD0HN+q6hsWO3/vpuAkAr+tw6aNJNDFFf0+qw=
github.com/pkg/errors v0.8.0/go.mod h1:bwawxfHBFNV+L2hUp1rHADufV3IMtnDRdf1r5NINEl0=
github.com/splace/joysticks v0.0.0-20200523190645-fcfd5a84a6c2 h1:HROHt05nJ0PwmCtAcZ9NwD+m5ilmIlc4X8y5Rdbh+B0=
github.com/splace/joysticks v0.0.0-20200523190645-fcfd5a84a6c2/go.mod h1:PQPCtmjcD4hfFT4yHSY7zomN8fvov8fFvQWYSth8L34=
github.com/splace/signals v0.0.0-20200924170840-2b9299cb1bca h1:ayOVtbmy/xnuy3v6sfU9p3btOcwWdVIlb+6fj4QQExk=
github.com/splace/signals v0.0.0-20200924170840-2b9299cb1bca/go.mod h1:rKtwppKVCn8g51/FHhy4IqU1qclvvXgHV8skOYMqcnQ=
github.com/splace/sounds v0.0.0-20180725230354-43b73b539164 h1:ZIPWLoOAchVpN+QlavhwX7NSWDDaYeqiyFEHgRie1xA=
github.com/splace/sounds v0.0.0-20180725230354-43b73b539164/go.mod h1:JhBmVvVhQCqdxSKwop9Yr1Po/ZIxFmjWUrv91DAHaOk=
github.com/stamp/hid v0.0.0-20190105143849-bc55d7d13ce1 h1:BG7MhC3qshAG6YSA1JiTFdQwXoOSmkAD9jHxfwIwcRM=
github.com/stamp/hid v0.0.0-20190105143849-bc55d7d13ce1/go.mod h1:8a9qaZSBHmyhaqWfYpMnsvd4paEG6AGdl1TAy+gQkd4=
golang.org/x/xerrors v0.0.0-20191204190536-9bdfabe68543 h1:E7g+9GITq07hpfrRu66IVDexMakfv52eLZ2CXBWiKr4=
golang.org/x/xerrors v0.0.0-20191204190536-9bdfabe68543/go.mod h1:I/5z698sn9Ka8TeJc9MKroUUfqBBauWjQqLJ2OPfmY0=
google.golang.org/protobuf v1.26.0-rc.1/go.mod h1:jlhhOSvTdKEhbULTjvd4ARK9grFBp09yW+WbY/TyQbw=
google.golang.org/protobuf v1.26.0 h1:bxAC2xTBsZGibn2RTntX0oH50xLsqy1OxA9tTL3p/lk=
google.golang.org/protobuf v1.26.0/go.mod h1:9q0QmTI4eRPtz6boOQmLYwt+qCgq0jsYwAQnmE0givc=
